// !$*UTF8*$!
{
	archiveVersion = 1;
	classes = {
	};
	objectVersion = 56;
	objects = {

/* Begin PBXBuildFile section */
		044500012B4E572E0043D23A /* Ikan.swift in Sources */ = {isa = PBXBuildFile; fileRef = 044500002B4E572E0043D23A /* Ikan.swift */; };
		0445FFC12B4E46C20043D23A /* FarmBuddyApp.swift in Sources */ = {isa = PBXBuildFile; fileRef = 0445FFC02B4E46C20043D23A /* FarmBuddyApp.swift */; };
		0445FFC32B4E46C20043D23A /* ContentView.swift in Sources */ = {isa = PBXBuildFile; fileRef = 0445FFC22B4E46C20043D23A /* ContentView.swift */; };
		0445FFC52B4E46C50043D23A /* Assets.xcassets in Resources */ = {isa = PBXBuildFile; fileRef = 0445FFC42B4E46C50043D23A /* Assets.xcassets */; };
		0445FFC82B4E46C50043D23A /* Preview Assets.xcassets in Resources */ = {isa = PBXBuildFile; fileRef = 0445FFC72B4E46C50043D23A /* Preview Assets.xcassets */; };
		0445FFD22B4E46C50043D23A /* FarmBuddyTests.swift in Sources */ = {isa = PBXBuildFile; fileRef = 0445FFD12B4E46C50043D23A /* FarmBuddyTests.swift */; };
		0445FFDC2B4E46C50043D23A /* FarmBuddyUITests.swift in Sources */ = {isa = PBXBuildFile; fileRef = 0445FFDB2B4E46C50043D23A /* FarmBuddyUITests.swift */; };
		0445FFDE2B4E46C50043D23A /* FarmBuddyUITestsLaunchTests.swift in Sources */ = {isa = PBXBuildFile; fileRef = 0445FFDD2B4E46C50043D23A /* FarmBuddyUITestsLaunchTests.swift */; };
		0445FFEB2B4E473B0043D23A /* Soundtrack.swift in Sources */ = {isa = PBXBuildFile; fileRef = 0445FFEA2B4E473B0043D23A /* Soundtrack.swift */; };
		0445FFED2B4E476B0043D23A /* buah.swift in Sources */ = {isa = PBXBuildFile; fileRef = 0445FFEC2B4E476B0043D23A /* buah.swift */; };
		0445FFEF2B4E477F0043D23A /* BuahHitung.swift in Sources */ = {isa = PBXBuildFile; fileRef = 0445FFEE2B4E477F0043D23A /* BuahHitung.swift */; };
		0445FFF32B4E47B70043D23A /* HewanMasuk.swift in Sources */ = {isa = PBXBuildFile; fileRef = 0445FFF22B4E47B70043D23A /* HewanMasuk.swift */; };
		0445FFF62B4E481B0043D23A /* soundtrack.mp3 in Resources */ = {isa = PBXBuildFile; fileRef = 0445FFF52B4E481B0043D23A /* soundtrack.mp3 */; };
		0445FFF72B4E481B0043D23A /* soundtrack.mp3 in Resources */ = {isa = PBXBuildFile; fileRef = 0445FFF52B4E481B0043D23A /* soundtrack.mp3 */; };
		0445FFF82B4E481B0043D23A /* soundtrack.mp3 in Resources */ = {isa = PBXBuildFile; fileRef = 0445FFF52B4E481B0043D23A /* soundtrack.mp3 */; };
		0445FFFA2B4E4D950043D23A /* PaytoneOne-Regular.ttf in Resources */ = {isa = PBXBuildFile; fileRef = 0445FFF92B4E4D950043D23A /* PaytoneOne-Regular.ttf */; };
		0445FFFD2B4E4F510043D23A /* Telur.swift in Sources */ = {isa = PBXBuildFile; fileRef = 0445FFFC2B4E4F510043D23A /* Telur.swift */; };
		0445FFFF2B4E55190043D23A /* Lebah.swift in Sources */ = {isa = PBXBuildFile; fileRef = 0445FFFE2B4E55190043D23A /* Lebah.swift */; };
		046A349D2B4E88AC00CD8561 /* galiBuah.swift in Sources */ = {isa = PBXBuildFile; fileRef = 046A349C2B4E88AC00CD8561 /* galiBuah.swift */; };
		046A349F2B4E88CE00CD8561 /* puzzle.swift in Sources */ = {isa = PBXBuildFile; fileRef = 046A349E2B4E88CE00CD8561 /* puzzle.swift */; };
		04CAED2B2B4EF005001ABC52 /* capture.mp3 in Resources */ = {isa = PBXBuildFile; fileRef = 04CAED2A2B4EF005001ABC52 /* capture.mp3 */; };
/* End PBXBuildFile section */

/* Begin PBXContainerItemProxy section */
		0445FFCE2B4E46C50043D23A /* PBXContainerItemProxy */ = {
			isa = PBXContainerItemProxy;
			containerPortal = 0445FFB52B4E46C20043D23A /* Project object */;
			proxyType = 1;
			remoteGlobalIDString = 0445FFBC2B4E46C20043D23A;
			remoteInfo = FarmBuddy;
		};
		0445FFD82B4E46C50043D23A /* PBXContainerItemProxy */ = {
			isa = PBXContainerItemProxy;
			containerPortal = 0445FFB52B4E46C20043D23A /* Project object */;
			proxyType = 1;
			remoteGlobalIDString = 0445FFBC2B4E46C20043D23A;
			remoteInfo = FarmBuddy;
		};
/* End PBXContainerItemProxy section */

/* Begin PBXFileReference section */
		044500002B4E572E0043D23A /* Ikan.swift */ = {isa = PBXFileReference; lastKnownFileType = sourcecode.swift; path = Ikan.swift; sourceTree = "<group>"; };
		0445FFBD2B4E46C20043D23A /* FarmBuddy.app */ = {isa = PBXFileReference; explicitFileType = wrapper.application; includeInIndex = 0; path = FarmBuddy.app; sourceTree = BUILT_PRODUCTS_DIR; };
		0445FFC02B4E46C20043D23A /* FarmBuddyApp.swift */ = {isa = PBXFileReference; lastKnownFileType = sourcecode.swift; path = FarmBuddyApp.swift; sourceTree = "<group>"; };
		0445FFC22B4E46C20043D23A /* ContentView.swift */ = {isa = PBXFileReference; lastKnownFileType = sourcecode.swift; path = ContentView.swift; sourceTree = "<group>"; };
		0445FFC42B4E46C50043D23A /* Assets.xcassets */ = {isa = PBXFileReference; lastKnownFileType = folder.assetcatalog; path = Assets.xcassets; sourceTree = "<group>"; };
		0445FFC72B4E46C50043D23A /* Preview Assets.xcassets */ = {isa = PBXFileReference; lastKnownFileType = folder.assetcatalog; path = "Preview Assets.xcassets"; sourceTree = "<group>"; };
		0445FFCD2B4E46C50043D23A /* FarmBuddyTests.xctest */ = {isa = PBXFileReference; explicitFileType = wrapper.cfbundle; includeInIndex = 0; path = FarmBuddyTests.xctest; sourceTree = BUILT_PRODUCTS_DIR; };
		0445FFD12B4E46C50043D23A /* FarmBuddyTests.swift */ = {isa = PBXFileReference; lastKnownFileType = sourcecode.swift; path = FarmBuddyTests.swift; sourceTree = "<group>"; };
		0445FFD72B4E46C50043D23A /* FarmBuddyUITests.xctest */ = {isa = PBXFileReference; explicitFileType = wrapper.cfbundle; includeInIndex = 0; path = FarmBuddyUITests.xctest; sourceTree = BUILT_PRODUCTS_DIR; };
		0445FFDB2B4E46C50043D23A /* FarmBuddyUITests.swift */ = {isa = PBXFileReference; lastKnownFileType = sourcecode.swift; path = FarmBuddyUITests.swift; sourceTree = "<group>"; };
		0445FFDD2B4E46C50043D23A /* FarmBuddyUITestsLaunchTests.swift */ = {isa = PBXFileReference; lastKnownFileType = sourcecode.swift; path = FarmBuddyUITestsLaunchTests.swift; sourceTree = "<group>"; };
		0445FFEA2B4E473B0043D23A /* Soundtrack.swift */ = {isa = PBXFileReference; lastKnownFileType = sourcecode.swift; path = Soundtrack.swift; sourceTree = "<group>"; };
		0445FFEC2B4E476B0043D23A /* buah.swift */ = {isa = PBXFileReference; lastKnownFileType = sourcecode.swift; path = buah.swift; sourceTree = "<group>"; };
		0445FFEE2B4E477F0043D23A /* BuahHitung.swift */ = {isa = PBXFileReference; lastKnownFileType = sourcecode.swift; path = BuahHitung.swift; sourceTree = "<group>"; };
		0445FFF22B4E47B70043D23A /* HewanMasuk.swift */ = {isa = PBXFileReference; lastKnownFileType = sourcecode.swift; path = HewanMasuk.swift; sourceTree = "<group>"; };
		0445FFF52B4E481B0043D23A /* soundtrack.mp3 */ = {isa = PBXFileReference; lastKnownFileType = audio.mp3; path = soundtrack.mp3; sourceTree = "<group>"; };
		0445FFF92B4E4D950043D23A /* PaytoneOne-Regular.ttf */ = {isa = PBXFileReference; lastKnownFileType = file; path = "PaytoneOne-Regular.ttf"; sourceTree = "<group>"; };
		0445FFFB2B4E4E1C0043D23A /* Info.plist */ = {isa = PBXFileReference; lastKnownFileType = text.plist; path = Info.plist; sourceTree = "<group>"; };
		0445FFFC2B4E4F510043D23A /* Telur.swift */ = {isa = PBXFileReference; lastKnownFileType = sourcecode.swift; path = Telur.swift; sourceTree = "<group>"; };
		0445FFFE2B4E55190043D23A /* Lebah.swift */ = {isa = PBXFileReference; lastKnownFileType = sourcecode.swift; path = Lebah.swift; sourceTree = "<group>"; };
		046A349C2B4E88AC00CD8561 /* galiBuah.swift */ = {isa = PBXFileReference; lastKnownFileType = sourcecode.swift; path = galiBuah.swift; sourceTree = "<group>"; };
		046A349E2B4E88CE00CD8561 /* puzzle.swift */ = {isa = PBXFileReference; lastKnownFileType = sourcecode.swift; path = puzzle.swift; sourceTree = "<group>"; };
		04CAED2A2B4EF005001ABC52 /* capture.mp3 */ = {isa = PBXFileReference; lastKnownFileType = audio.mp3; name = capture.mp3; path = ../../../../../Downloads/capture.mp3; sourceTree = "<group>"; };
/* End PBXFileReference section */

/* Begin PBXFrameworksBuildPhase section */
		0445FFBA2B4E46C20043D23A /* Frameworks */ = {
			isa = PBXFrameworksBuildPhase;
			buildActionMask = 2147483647;
			files = (
			);
			runOnlyForDeploymentPostprocessing = 0;
		};
		0445FFCA2B4E46C50043D23A /* Frameworks */ = {
			isa = PBXFrameworksBuildPhase;
			buildActionMask = 2147483647;
			files = (
			);
			runOnlyForDeploymentPostprocessing = 0;
		};
		0445FFD42B4E46C50043D23A /* Frameworks */ = {
			isa = PBXFrameworksBuildPhase;
			buildActionMask = 2147483647;
			files = (
			);
			runOnlyForDeploymentPostprocessing = 0;
		};
/* End PBXFrameworksBuildPhase section */

/* Begin PBXGroup section */
		0445FFB42B4E46C20043D23A = {
			isa = PBXGroup;
			children = (
				0445FFBF2B4E46C20043D23A /* FarmBuddy */,
				0445FFD02B4E46C50043D23A /* FarmBuddyTests */,
				0445FFDA2B4E46C50043D23A /* FarmBuddyUITests */,
				0445FFBE2B4E46C20043D23A /* Products */,
			);
			sourceTree = "<group>";
		};
		0445FFBE2B4E46C20043D23A /* Products */ = {
			isa = PBXGroup;
			children = (
				0445FFBD2B4E46C20043D23A /* FarmBuddy.app */,
				0445FFCD2B4E46C50043D23A /* FarmBuddyTests.xctest */,
				0445FFD72B4E46C50043D23A /* FarmBuddyUITests.xctest */,
			);
			name = Products;
			sourceTree = "<group>";
		};
		0445FFBF2B4E46C20043D23A /* FarmBuddy */ = {
			isa = PBXGroup;
			children = (
				0445FFFB2B4E4E1C0043D23A /* Info.plist */,
				0445FFF92B4E4D950043D23A /* PaytoneOne-Regular.ttf */,
				0445FFF42B4E47D60043D23A /* Sound */,
				0445FFC02B4E46C20043D23A /* FarmBuddyApp.swift */,
				0445FFC22B4E46C20043D23A /* ContentView.swift */,
				0445FFC42B4E46C50043D23A /* Assets.xcassets */,
				0445FFEC2B4E476B0043D23A /* buah.swift */,
				044500002B4E572E0043D23A /* Ikan.swift */,
				0445FFFE2B4E55190043D23A /* Lebah.swift */,
				0445FFF22B4E47B70043D23A /* HewanMasuk.swift */,
				0445FFFC2B4E4F510043D23A /* Telur.swift */,
				0445FFEE2B4E477F0043D23A /* BuahHitung.swift */,
				046A349C2B4E88AC00CD8561 /* galiBuah.swift */,
				046A349E2B4E88CE00CD8561 /* puzzle.swift */,
				0445FFEA2B4E473B0043D23A /* Soundtrack.swift */,
				0445FFC62B4E46C50043D23A /* Preview Content */,
			);
			path = FarmBuddy;
			sourceTree = "<group>";
		};
		0445FFC62B4E46C50043D23A /* Preview Content */ = {
			isa = PBXGroup;
			children = (
				0445FFC72B4E46C50043D23A /* Preview Assets.xcassets */,
			);
			path = "Preview Content";
			sourceTree = "<group>";
		};
		0445FFD02B4E46C50043D23A /* FarmBuddyTests */ = {
			isa = PBXGroup;
			children = (
				0445FFD12B4E46C50043D23A /* FarmBuddyTests.swift */,
			);
			path = FarmBuddyTests;
			sourceTree = "<group>";
		};
		0445FFDA2B4E46C50043D23A /* FarmBuddyUITests */ = {
			isa = PBXGroup;
			children = (
				0445FFDB2B4E46C50043D23A /* FarmBuddyUITests.swift */,
				0445FFDD2B4E46C50043D23A /* FarmBuddyUITestsLaunchTests.swift */,
			);
			path = FarmBuddyUITests;
			sourceTree = "<group>";
		};
		0445FFF42B4E47D60043D23A /* Sound */ = {
			isa = PBXGroup;
			children = (
				04CAED2A2B4EF005001ABC52 /* capture.mp3 */,
				0445FFF52B4E481B0043D23A /* soundtrack.mp3 */,
			);
			path = Sound;
			sourceTree = "<group>";
		};
/* End PBXGroup section */

/* Begin PBXNativeTarget section */
		0445FFBC2B4E46C20043D23A /* FarmBuddy */ = {
			isa = PBXNativeTarget;
			buildConfigurationList = 0445FFE12B4E46C50043D23A /* Build configuration list for PBXNativeTarget "FarmBuddy" */;
			buildPhases = (
				0445FFB92B4E46C20043D23A /* Sources */,
				0445FFBA2B4E46C20043D23A /* Frameworks */,
				0445FFBB2B4E46C20043D23A /* Resources */,
			);
			buildRules = (
			);
			dependencies = (
			);
			name = FarmBuddy;
			productName = FarmBuddy;
			productReference = 0445FFBD2B4E46C20043D23A /* FarmBuddy.app */;
			productType = "com.apple.product-type.application";
		};
		0445FFCC2B4E46C50043D23A /* FarmBuddyTests */ = {
			isa = PBXNativeTarget;
			buildConfigurationList = 0445FFE42B4E46C50043D23A /* Build configuration list for PBXNativeTarget "FarmBuddyTests" */;
			buildPhases = (
				0445FFC92B4E46C50043D23A /* Sources */,
				0445FFCA2B4E46C50043D23A /* Frameworks */,
				0445FFCB2B4E46C50043D23A /* Resources */,
			);
			buildRules = (
			);
			dependencies = (
				0445FFCF2B4E46C50043D23A /* PBXTargetDependency */,
			);
			name = FarmBuddyTests;
			productName = FarmBuddyTests;
			productReference = 0445FFCD2B4E46C50043D23A /* FarmBuddyTests.xctest */;
			productType = "com.apple.product-type.bundle.unit-test";
		};
		0445FFD62B4E46C50043D23A /* FarmBuddyUITests */ = {
			isa = PBXNativeTarget;
			buildConfigurationList = 0445FFE72B4E46C50043D23A /* Build configuration list for PBXNativeTarget "FarmBuddyUITests" */;
			buildPhases = (
				0445FFD32B4E46C50043D23A /* Sources */,
				0445FFD42B4E46C50043D23A /* Frameworks */,
				0445FFD52B4E46C50043D23A /* Resources */,
			);
			buildRules = (
			);
			dependencies = (
				0445FFD92B4E46C50043D23A /* PBXTargetDependency */,
			);
			name = FarmBuddyUITests;
			productName = FarmBuddyUITests;
			productReference = 0445FFD72B4E46C50043D23A /* FarmBuddyUITests.xctest */;
			productType = "com.apple.product-type.bundle.ui-testing";
		};
/* End PBXNativeTarget section */

/* Begin PBXProject section */
		0445FFB52B4E46C20043D23A /* Project object */ = {
			isa = PBXProject;
			attributes = {
				BuildIndependentTargetsInParallel = 1;
				LastSwiftUpdateCheck = 1500;
				LastUpgradeCheck = 1500;
				TargetAttributes = {
					0445FFBC2B4E46C20043D23A = {
						CreatedOnToolsVersion = 15.0;
					};
					0445FFCC2B4E46C50043D23A = {
						CreatedOnToolsVersion = 15.0;
						TestTargetID = 0445FFBC2B4E46C20043D23A;
					};
					0445FFD62B4E46C50043D23A = {
						CreatedOnToolsVersion = 15.0;
						TestTargetID = 0445FFBC2B4E46C20043D23A;
					};
				};
			};
			buildConfigurationList = 0445FFB82B4E46C20043D23A /* Build configuration list for PBXProject "FarmBuddy" */;
			compatibilityVersion = "Xcode 14.0";
			developmentRegion = en;
			hasScannedForEncodings = 0;
			knownRegions = (
				en,
				Base,
			);
			mainGroup = 0445FFB42B4E46C20043D23A;
			productRefGroup = 0445FFBE2B4E46C20043D23A /* Products */;
			projectDirPath = "";
			projectRoot = "";
			targets = (
				0445FFBC2B4E46C20043D23A /* FarmBuddy */,
				0445FFCC2B4E46C50043D23A /* FarmBuddyTests */,
				0445FFD62B4E46C50043D23A /* FarmBuddyUITests */,
			);
		};
/* End PBXProject section */

/* Begin PBXResourcesBuildPhase section */
		0445FFBB2B4E46C20043D23A /* Resources */ = {
			isa = PBXResourcesBuildPhase;
			buildActionMask = 2147483647;
			files = (
				04CAED2B2B4EF005001ABC52 /* capture.mp3 in Resources */,
				0445FFC82B4E46C50043D23A /* Preview Assets.xcassets in Resources */,
				0445FFF62B4E481B0043D23A /* soundtrack.mp3 in Resources */,
				0445FFC52B4E46C50043D23A /* Assets.xcassets in Resources */,
				0445FFFA2B4E4D950043D23A /* PaytoneOne-Regular.ttf in Resources */,
			);
			runOnlyForDeploymentPostprocessing = 0;
		};
		0445FFCB2B4E46C50043D23A /* Resources */ = {
			isa = PBXResourcesBuildPhase;
			buildActionMask = 2147483647;
			files = (
				0445FFF72B4E481B0043D23A /* soundtrack.mp3 in Resources */,
			);
			runOnlyForDeploymentPostprocessing = 0;
		};
		0445FFD52B4E46C50043D23A /* Resources */ = {
			isa = PBXResourcesBuildPhase;
			buildActionMask = 2147483647;
			files = (
				0445FFF82B4E481B0043D23A /* soundtrack.mp3 in Resources */,
			);
			runOnlyForDeploymentPostprocessing = 0;
		};
/* End PBXResourcesBuildPhase section */

/* Begin PBXSourcesBuildPhase section */
		0445FFB92B4E46C20043D23A /* Sources */ = {
			isa = PBXSourcesBuildPhase;
			buildActionMask = 2147483647;
			files = (
				046A349F2B4E88CE00CD8561 /* puzzle.swift in Sources */,
				0445FFEB2B4E473B0043D23A /* Soundtrack.swift in Sources */,
				0445FFFD2B4E4F510043D23A /* Telur.swift in Sources */,
				044500012B4E572E0043D23A /* Ikan.swift in Sources */,
				0445FFFF2B4E55190043D23A /* Lebah.swift in Sources */,
				0445FFED2B4E476B0043D23A /* buah.swift in Sources */,
				0445FFC32B4E46C20043D23A /* ContentView.swift in Sources */,
				0445FFEF2B4E477F0043D23A /* BuahHitung.swift in Sources */,
				0445FFC12B4E46C20043D23A /* FarmBuddyApp.swift in Sources */,
				046A349D2B4E88AC00CD8561 /* galiBuah.swift in Sources */,
				0445FFF32B4E47B70043D23A /* HewanMasuk.swift in Sources */,
			);
			runOnlyForDeploymentPostprocessing = 0;
		};
		0445FFC92B4E46C50043D23A /* Sources */ = {
			isa = PBXSourcesBuildPhase;
			buildActionMask = 2147483647;
			files = (
				0445FFD22B4E46C50043D23A /* FarmBuddyTests.swift in Sources */,
			);
			runOnlyForDeploymentPostprocessing = 0;
		};
		0445FFD32B4E46C50043D23A /* Sources */ = {
			isa = PBXSourcesBuildPhase;
			buildActionMask = 2147483647;
			files = (
				0445FFDC2B4E46C50043D23A /* FarmBuddyUITests.swift in Sources */,
				0445FFDE2B4E46C50043D23A /* FarmBuddyUITestsLaunchTests.swift in Sources */,
			);
			runOnlyForDeploymentPostprocessing = 0;
		};
/* End PBXSourcesBuildPhase section */

/* Begin PBXTargetDependency section */
		0445FFCF2B4E46C50043D23A /* PBXTargetDependency */ = {
			isa = PBXTargetDependency;
			target = 0445FFBC2B4E46C20043D23A /* FarmBuddy */;
			targetProxy = 0445FFCE2B4E46C50043D23A /* PBXContainerItemProxy */;
		};
		0445FFD92B4E46C50043D23A /* PBXTargetDependency */ = {
			isa = PBXTargetDependency;
			target = 0445FFBC2B4E46C20043D23A /* FarmBuddy */;
			targetProxy = 0445FFD82B4E46C50043D23A /* PBXContainerItemProxy */;
		};
/* End PBXTargetDependency section */

/* Begin XCBuildConfiguration section */
		0445FFDF2B4E46C50043D23A /* Debug */ = {
			isa = XCBuildConfiguration;
			buildSettings = {
				ALWAYS_SEARCH_USER_PATHS = NO;
				ASSETCATALOG_COMPILER_GENERATE_SWIFT_ASSET_SYMBOL_EXTENSIONS = YES;
				CLANG_ANALYZER_NONNULL = YES;
				CLANG_ANALYZER_NUMBER_OBJECT_CONVERSION = YES_AGGRESSIVE;
				CLANG_CXX_LANGUAGE_STANDARD = "gnu++20";
				CLANG_ENABLE_MODULES = YES;
				CLANG_ENABLE_OBJC_ARC = YES;
				CLANG_ENABLE_OBJC_WEAK = YES;
				CLANG_WARN_BLOCK_CAPTURE_AUTORELEASING = YES;
				CLANG_WARN_BOOL_CONVERSION = YES;
				CLANG_WARN_COMMA = YES;
				CLANG_WARN_CONSTANT_CONVERSION = YES;
				CLANG_WARN_DEPRECATED_OBJC_IMPLEMENTATIONS = YES;
				CLANG_WARN_DIRECT_OBJC_ISA_USAGE = YES_ERROR;
				CLANG_WARN_DOCUMENTATION_COMMENTS = YES;
				CLANG_WARN_EMPTY_BODY = YES;
				CLANG_WARN_ENUM_CONVERSION = YES;
				CLANG_WARN_INFINITE_RECURSION = YES;
				CLANG_WARN_INT_CONVERSION = YES;
				CLANG_WARN_NON_LITERAL_NULL_CONVERSION = YES;
				CLANG_WARN_OBJC_IMPLICIT_RETAIN_SELF = YES;
				CLANG_WARN_OBJC_LITERAL_CONVERSION = YES;
				CLANG_WARN_OBJC_ROOT_CLASS = YES_ERROR;
				CLANG_WARN_QUOTED_INCLUDE_IN_FRAMEWORK_HEADER = YES;
				CLANG_WARN_RANGE_LOOP_ANALYSIS = YES;
				CLANG_WARN_STRICT_PROTOTYPES = YES;
				CLANG_WARN_SUSPICIOUS_MOVE = YES;
				CLANG_WARN_UNGUARDED_AVAILABILITY = YES_AGGRESSIVE;
				CLANG_WARN_UNREACHABLE_CODE = YES;
				CLANG_WARN__DUPLICATE_METHOD_MATCH = YES;
				COPY_PHASE_STRIP = NO;
				DEBUG_INFORMATION_FORMAT = dwarf;
				ENABLE_STRICT_OBJC_MSGSEND = YES;
				ENABLE_TESTABILITY = YES;
				ENABLE_USER_SCRIPT_SANDBOXING = YES;
				GCC_C_LANGUAGE_STANDARD = gnu17;
				GCC_DYNAMIC_NO_PIC = NO;
				GCC_NO_COMMON_BLOCKS = YES;
				GCC_OPTIMIZATION_LEVEL = 0;
				GCC_PREPROCESSOR_DEFINITIONS = (
					"DEBUG=1",
					"$(inherited)",
				);
				GCC_WARN_64_TO_32_BIT_CONVERSION = YES;
				GCC_WARN_ABOUT_RETURN_TYPE = YES_ERROR;
				GCC_WARN_UNDECLARED_SELECTOR = YES;
				GCC_WARN_UNINITIALIZED_AUTOS = YES_AGGRESSIVE;
				GCC_WARN_UNUSED_FUNCTION = YES;
				GCC_WARN_UNUSED_VARIABLE = YES;
				IPHONEOS_DEPLOYMENT_TARGET = 17.0;
				LOCALIZATION_PREFERS_STRING_CATALOGS = YES;
				MTL_ENABLE_DEBUG_INFO = INCLUDE_SOURCE;
				MTL_FAST_MATH = YES;
				ONLY_ACTIVE_ARCH = YES;
				SDKROOT = iphoneos;
				SWIFT_ACTIVE_COMPILATION_CONDITIONS = "DEBUG $(inherited)";
				SWIFT_OPTIMIZATION_LEVEL = "-Onone";
			};
			name = Debug;
		};
		0445FFE02B4E46C50043D23A /* Release */ = {
			isa = XCBuildConfiguration;
			buildSettings = {
				ALWAYS_SEARCH_USER_PATHS = NO;
				ASSETCATALOG_COMPILER_GENERATE_SWIFT_ASSET_SYMBOL_EXTENSIONS = YES;
				CLANG_ANALYZER_NONNULL = YES;
				CLANG_ANALYZER_NUMBER_OBJECT_CONVERSION = YES_AGGRESSIVE;
				CLANG_CXX_LANGUAGE_STANDARD = "gnu++20";
				CLANG_ENABLE_MODULES = YES;
				CLANG_ENABLE_OBJC_ARC = YES;
				CLANG_ENABLE_OBJC_WEAK = YES;
				CLANG_WARN_BLOCK_CAPTURE_AUTORELEASING = YES;
				CLANG_WARN_BOOL_CONVERSION = YES;
				CLANG_WARN_COMMA = YES;
				CLANG_WARN_CONSTANT_CONVERSION = YES;
				CLANG_WARN_DEPRECATED_OBJC_IMPLEMENTATIONS = YES;
				CLANG_WARN_DIRECT_OBJC_ISA_USAGE = YES_ERROR;
				CLANG_WARN_DOCUMENTATION_COMMENTS = YES;
				CLANG_WARN_EMPTY_BODY = YES;
				CLANG_WARN_ENUM_CONVERSION = YES;
				CLANG_WARN_INFINITE_RECURSION = YES;
				CLANG_WARN_INT_CONVERSION = YES;
				CLANG_WARN_NON_LITERAL_NULL_CONVERSION = YES;
				CLANG_WARN_OBJC_IMPLICIT_RETAIN_SELF = YES;
				CLANG_WARN_OBJC_LITERAL_CONVERSION = YES;
				CLANG_WARN_OBJC_ROOT_CLASS = YES_ERROR;
				CLANG_WARN_QUOTED_INCLUDE_IN_FRAMEWORK_HEADER = YES;
				CLANG_WARN_RANGE_LOOP_ANALYSIS = YES;
				CLANG_WARN_STRICT_PROTOTYPES = YES;
				CLANG_WARN_SUSPICIOUS_MOVE = YES;
				CLANG_WARN_UNGUARDED_AVAILABILITY = YES_AGGRESSIVE;
				CLANG_WARN_UNREACHABLE_CODE = YES;
				CLANG_WARN__DUPLICATE_METHOD_MATCH = YES;
				COPY_PHASE_STRIP = NO;
				DEBUG_INFORMATION_FORMAT = "dwarf-with-dsym";
				ENABLE_NS_ASSERTIONS = NO;
				ENABLE_STRICT_OBJC_MSGSEND = YES;
				ENABLE_USER_SCRIPT_SANDBOXING = YES;
				GCC_C_LANGUAGE_STANDARD = gnu17;
				GCC_NO_COMMON_BLOCKS = YES;
				GCC_WARN_64_TO_32_BIT_CONVERSION = YES;
				GCC_WARN_ABOUT_RETURN_TYPE = YES_ERROR;
				GCC_WARN_UNDECLARED_SELECTOR = YES;
				GCC_WARN_UNINITIALIZED_AUTOS = YES_AGGRESSIVE;
				GCC_WARN_UNUSED_FUNCTION = YES;
				GCC_WARN_UNUSED_VARIABLE = YES;
				IPHONEOS_DEPLOYMENT_TARGET = 17.0;
				LOCALIZATION_PREFERS_STRING_CATALOGS = YES;
				MTL_ENABLE_DEBUG_INFO = NO;
				MTL_FAST_MATH = YES;
				SDKROOT = iphoneos;
				SWIFT_COMPILATION_MODE = wholemodule;
				VALIDATE_PRODUCT = YES;
			};
			name = Release;
		};
		0445FFE22B4E46C50043D23A /* Debug */ = {
			isa = XCBuildConfiguration;
			buildSettings = {
				ASSETCATALOG_COMPILER_APPICON_NAME = AppIcon;
				ASSETCATALOG_COMPILER_GLOBAL_ACCENT_COLOR_NAME = AccentColor;
				CODE_SIGN_STYLE = Automatic;
				CURRENT_PROJECT_VERSION = 1;
				DEVELOPMENT_ASSET_PATHS = "\"FarmBuddy/Preview Content\"";
				ENABLE_PREVIEWS = YES;
				GENERATE_INFOPLIST_FILE = YES;
				INFOPLIST_FILE = FarmBuddy/Info.plist;
				INFOPLIST_KEY_UIApplicationSceneManifest_Generation = YES;
				INFOPLIST_KEY_UIApplicationSupportsIndirectInputEvents = YES;
				INFOPLIST_KEY_UILaunchScreen_Generation = YES;
				INFOPLIST_KEY_UISupportedInterfaceOrientations = "UIInterfaceOrientationLandscapeLeft UIInterfaceOrientationLandscapeRight";
				LD_RUNPATH_SEARCH_PATHS = (
					"$(inherited)",
					"@executable_path/Frameworks",
				);
				MARKETING_VERSION = 1.0;
				PRODUCT_BUNDLE_IDENTIFIER = Jefmou.FarmBuddy;
				PRODUCT_NAME = "$(TARGET_NAME)";
				SWIFT_EMIT_LOC_STRINGS = YES;
				SWIFT_VERSION = 5.0;
				TARGETED_DEVICE_FAMILY = "1,2";
			};
			name = Debug;
		};
		0445FFE32B4E46C50043D23A /* Release */ = {
			isa = XCBuildConfiguration;
			buildSettings = {
				ASSETCATALOG_COMPILER_APPICON_NAME = AppIcon;
				ASSETCATALOG_COMPILER_GLOBAL_ACCENT_COLOR_NAME = AccentColor;
				CODE_SIGN_STYLE = Automatic;
				CURRENT_PROJECT_VERSION = 1;
				DEVELOPMENT_ASSET_PATHS = "\"FarmBuddy/Preview Content\"";
				ENABLE_PREVIEWS = YES;
				GENERATE_INFOPLIST_FILE = YES;
				INFOPLIST_FILE = FarmBuddy/Info.plist;
				INFOPLIST_KEY_UIApplicationSceneManifest_Generation = YES;
				INFOPLIST_KEY_UIApplicationSupportsIndirectInputEvents = YES;
				INFOPLIST_KEY_UILaunchScreen_Generation = YES;
				INFOPLIST_KEY_UISupportedInterfaceOrientations = "UIInterfaceOrientationLandscapeLeft UIInterfaceOrientationLandscapeRight";
				LD_RUNPATH_SEARCH_PATHS = (
					"$(inherited)",
					"@executable_path/Frameworks",
				);
				MARKETING_VERSION = 1.0;
				PRODUCT_BUNDLE_IDENTIFIER = Jefmou.FarmBuddy;
				PRODUCT_NAME = "$(TARGET_NAME)";
				SWIFT_EMIT_LOC_STRINGS = YES;
				SWIFT_VERSION = 5.0;
				TARGETED_DEVICE_FAMILY = "1,2";
			};
			name = Release;
		};
		0445FFE52B4E46C50043D23A /* Debug */ = {
			isa = XCBuildConfiguration;
			buildSettings = {
				ALWAYS_EMBED_SWIFT_STANDARD_LIBRARIES = YES;
				BUNDLE_LOADER = "$(TEST_HOST)";
				CODE_SIGN_STYLE = Automatic;
				CURRENT_PROJECT_VERSION = 1;
				GENERATE_INFOPLIST_FILE = YES;
				IPHONEOS_DEPLOYMENT_TARGET = 17.0;
				MARKETING_VERSION = 1.0;
				PRODUCT_BUNDLE_IDENTIFIER = Jefmou.FarmBuddyTests;
				PRODUCT_NAME = "$(TARGET_NAME)";
				SWIFT_EMIT_LOC_STRINGS = NO;
				SWIFT_VERSION = 5.0;
				TARGETED_DEVICE_FAMILY = "1,2";
				TEST_HOST = "$(BUILT_PRODUCTS_DIR)/FarmBuddy.app/$(BUNDLE_EXECUTABLE_FOLDER_PATH)/FarmBuddy";
			};
			name = Debug;
		};
		0445FFE62B4E46C50043D23A /* Release */ = {
			isa = XCBuildConfiguration;
			buildSettings = {
				ALWAYS_EMBED_SWIFT_STANDARD_LIBRARIES = YES;
				BUNDLE_LOADER = "$(TEST_HOST)";
				CODE_SIGN_STYLE = Automatic;
				CURRENT_PROJECT_VERSION = 1;
				GENERATE_INFOPLIST_FILE = YES;
				IPHONEOS_DEPLOYMENT_TARGET = 17.0;
				MARKETING_VERSION = 1.0;
				PRODUCT_BUNDLE_IDENTIFIER = Jefmou.FarmBuddyTests;
				PRODUCT_NAME = "$(TARGET_NAME)";
				SWIFT_EMIT_LOC_STRINGS = NO;
				SWIFT_VERSION = 5.0;
				TARGETED_DEVICE_FAMILY = "1,2";
				TEST_HOST = "$(BUILT_PRODUCTS_DIR)/FarmBuddy.app/$(BUNDLE_EXECUTABLE_FOLDER_PATH)/FarmBuddy";
			};
			name = Release;
		};
		0445FFE82B4E46C50043D23A /* Debug */ = {
			isa = XCBuildConfiguration;
			buildSettings = {
				ALWAYS_EMBED_SWIFT_STANDARD_LIBRARIES = YES;
				CODE_SIGN_STYLE = Automatic;
				CURRENT_PROJECT_VERSION = 1;
				GENERATE_INFOPLIST_FILE = YES;
				MARKETING_VERSION = 1.0;
				PRODUCT_BUNDLE_IDENTIFIER = Jefmou.FarmBuddyUITests;
				PRODUCT_NAME = "$(TARGET_NAME)";
				SWIFT_EMIT_LOC_STRINGS = NO;
				SWIFT_VERSION = 5.0;
				TARGETED_DEVICE_FAMILY = "1,2";
				TEST_TARGET_NAME = FarmBuddy;
			};
			name = Debug;
		};
		0445FFE92B4E46C50043D23A /* Release */ = {
			isa = XCBuildConfiguration;
			buildSettings = {
				ALWAYS_EMBED_SWIFT_STANDARD_LIBRARIES = YES;
				CODE_SIGN_STYLE = Automatic;
				CURRENT_PROJECT_VERSION = 1;
				GENERATE_INFOPLIST_FILE = YES;
				MARKETING_VERSION = 1.0;
				PRODUCT_BUNDLE_IDENTIFIER = Jefmou.FarmBuddyUITests;
				PRODUCT_NAME = "$(TARGET_NAME)";
				SWIFT_EMIT_LOC_STRINGS = NO;
				SWIFT_VERSION = 5.0;
				TARGETED_DEVICE_FAMILY = "1,2";
				TEST_TARGET_NAME = FarmBuddy;
			};
			name = Release;
		};
/* End XCBuildConfiguration section */

/* Begin XCConfigurationList section */
		0445FFB82B4E46C20043D23A /* Build configuration list for PBXProject "FarmBuddy" */ = {
			isa = XCConfigurationList;
			buildConfigurations = (
				0445FFDF2B4E46C50043D23A /* Debug */,
				0445FFE02B4E46C50043D23A /* Release */,
			);
			defaultConfigurationIsVisible = 0;
			defaultConfigurationName = Release;
		};
		0445FFE12B4E46C50043D23A /* Build configuration list for PBXNativeTarget "FarmBuddy" */ = {
			isa = XCConfigurationList;
			buildConfigurations = (
				0445FFE22B4E46C50043D23A /* Debug */,
				0445FFE32B4E46C50043D23A /* Release */,
			);
			defaultConfigurationIsVisible = 0;
			defaultConfigurationName = Release;
		};
		0445FFE42B4E46C50043D23A /* Build configuration list for PBXNativeTarget "FarmBuddyTests" */ = {
			isa = XCConfigurationList;
			buildConfigurations = (
				0445FFE52B4E46C50043D23A /* Debug */,
				0445FFE62B4E46C50043D23A /* Release */,
			);
			defaultConfigurationIsVisible = 0;
			defaultConfigurationName = Release;
		};
		0445FFE72B4E46C50043D23A /* Build configuration list for PBXNativeTarget "FarmBuddyUITests" */ = {
			isa = XCConfigurationList;
			buildConfigurations = (
				0445FFE82B4E46C50043D23A /* Debug */,
				0445FFE92B4E46C50043D23A /* Release */,
			);
			defaultConfigurationIsVisible = 0;
			defaultConfigurationName = Release;
		};
/* End XCConfigurationList section */
	};
	rootObject = 0445FFB52B4E46C20043D23A /* Project object */;
}
